
Microsoft Visual Studio Solution File, Format Version 12.00
# Visual Studio Version 16
VisualStudioVersion = 16.0.29102.190
MinimumVisualStudioVersion = 10.0.40219.1
Project("{FAE04EC0-301F-11D3-BF4B-00C04F79EFBC}") = "PomeraSync", "PomeraSync\PomeraSync.csproj", "{9CE4CA32-DE4D-4050-AD18-91AC897817A2}"
EndProject
Global
	GlobalSection(SolutionConfigurationPlatforms) = preSolution
		Debug|Any CPU = Debug|Any CPU
		Release|Any CPU = Release|Any CPU
	EndGlobalSection
	GlobalSection(ProjectConfigurationPlatforms) = postSolution
		{9CE4CA32-DE4D-4050-AD18-91AC897817A2}.Debug|Any CPU.ActiveCfg = Debug|Any CPU
		{9CE4CA32-DE4D-4050-AD18-91AC897817A2}.Debug|Any CPU.Build.0 = Debug|Any CPU
		{9CE4CA32-DE4D-4050-AD18-91AC897817A2}.Release|Any CPU.ActiveCfg = Release|Any CPU
		{9CE4CA32-DE4D-4050-AD18-91AC897817A2}.Release|Any CPU.Build.0 = Release|Any CPU
	EndGlobalSection
	GlobalSection(SolutionProperties) = preSolution
		HideSolutionNode = FALSE
	EndGlobalSection
	GlobalSection(ExtensibilityGlobals) = postSolution
		SolutionGuid = {FAAC80BF-C5CE-42AD-B991-7F4A3432C2FF}
	EndGlobalSection
EndGlobal
